
Microsoft Visual Studio Solution File, Format Version 12.00
# Visual Studio Version 16
VisualStudioVersion = 16.0.29926.136
MinimumVisualStudioVersion = 10.0.40219.1
Project("{FAE04EC0-301F-11D3-BF4B-00C04F79EFBC}") = "AbstractModifiers", "AbstractModifiers\AbstractModifiers.csproj", "{0571C2D9-F883-4F2D-B861-53837991B706}"
EndProject
Global
	GlobalSection(SolutionConfigurationPlatforms) = preSolution
		Debug|Any CPU = Debug|Any CPU
		Release|Any CPU = Release|Any CPU
	EndGlobalSection
	GlobalSection(ProjectConfigurationPlatforms) = postSolution
		{0571C2D9-F883-4F2D-B861-53837991B706}.Debug|Any CPU.ActiveCfg = Debug|Any CPU
		{0571C2D9-F883-4F2D-B861-53837991B706}.Debug|Any CPU.Build.0 = Debug|Any CPU
		{0571C2D9-F883-4F2D-B861-53837991B706}.Release|Any CPU.ActiveCfg = Release|Any CPU
		{0571C2D9-F883-4F2D-B861-53837991B706}.Release|Any CPU.Build.0 = Release|Any CPU
	EndGlobalSection
	GlobalSection(SolutionProperties) = preSolution
		HideSolutionNode = FALSE
	EndGlobalSection
	GlobalSection(ExtensibilityGlobals) = postSolution
		SolutionGuid = {99FF2596-7FF2-4782-B5EC-2AA89C74BE31}
	EndGlobalSection
EndGlobal
